
Microsoft Visual Studio Solution File, Format Version 12.00
# Visual Studio 15
VisualStudioVersion = 15.0.28010.2019
MinimumVisualStudioVersion = 10.0.40219.1
Project("{FAE04EC0-301F-11D3-BF4B-00C04F79EFBC}") = "Ejercicio 6", "Ejercicio 6\Ejercicio 6.csproj", "{1C0EAF54-E334-4B69-BF7C-5037CB5C07DD}"
EndProject
Global
	GlobalSection(SolutionConfigurationPlatforms) = preSolution
		Debug|Any CPU = Debug|Any CPU
		Release|Any CPU = Release|Any CPU
	EndGlobalSection
	GlobalSection(ProjectConfigurationPlatforms) = postSolution
		{1C0EAF54-E334-4B69-BF7C-5037CB5C07DD}.Debug|Any CPU.ActiveCfg = Debug|Any CPU
		{1C0EAF54-E334-4B69-BF7C-5037CB5C07DD}.Debug|Any CPU.Build.0 = Debug|Any CPU
		{1C0EAF54-E334-4B69-BF7C-5037CB5C07DD}.Release|Any CPU.ActiveCfg = Release|Any CPU
		{1C0EAF54-E334-4B69-BF7C-5037CB5C07DD}.Release|Any CPU.Build.0 = Release|Any CPU
	EndGlobalSection
	GlobalSection(SolutionProperties) = preSolution
		HideSolutionNode = FALSE
	EndGlobalSection
	GlobalSection(ExtensibilityGlobals) = postSolution
		SolutionGuid = {A090BC31-0219-4ED3-998F-252D6AECCF33}
	EndGlobalSection
EndGlobal
